
Microsoft Visual Studio Solution File, Format Version 12.00
# Visual Studio Version 17
VisualStudioVersion = 17.5.33424.131
MinimumVisualStudioVersion = 10.0.40219.1
Project("{8BC9CEB8-8B4A-11D0-8D11-00A0C91BC942}") = "activity_structure", "activity_structure\activity_structure.vcxproj", "{4CDF58D6-A7F5-4922-9D35-AEE10DBFCAE7}"
EndProject
Project("{8BC9CEB8-8B4A-11D0-8D11-00A0C91BC942}") = "Activity02", "Activity02\Activity02.vcxproj", "{24C4A233-C9F8-486F-AFEA-184452933547}"
EndProject
Project("{8BC9CEB8-8B4A-11D0-8D11-00A0C91BC942}") = "Activity03", "Activity03\Activity03.vcxproj", "{8848BED9-4090-4126-9430-4AE8C024EFEA}"
EndProject
Global
	GlobalSection(SolutionConfigurationPlatforms) = preSolution
		Debug|x64 = Debug|x64
		Debug|x86 = Debug|x86
		Release|x64 = Release|x64
		Release|x86 = Release|x86
	EndGlobalSection
	GlobalSection(ProjectConfigurationPlatforms) = postSolution
		{4CDF58D6-A7F5-4922-9D35-AEE10DBFCAE7}.Debug|x64.ActiveCfg = Debug|x64
		{4CDF58D6-A7F5-4922-9D35-AEE10DBFCAE7}.Debug|x64.Build.0 = Debug|x64
		{4CDF58D6-A7F5-4922-9D35-AEE10DBFCAE7}.Debug|x86.ActiveCfg = Debug|Win32
		{4CDF58D6-A7F5-4922-9D35-AEE10DBFCAE7}.Debug|x86.Build.0 = Debug|Win32
		{4CDF58D6-A7F5-4922-9D35-AEE10DBFCAE7}.Release|x64.ActiveCfg = Release|x64
		{4CDF58D6-A7F5-4922-9D35-AEE10DBFCAE7}.Release|x64.Build.0 = Release|x64
		{4CDF58D6-A7F5-4922-9D35-AEE10DBFCAE7}.Release|x86.ActiveCfg = Release|Win32
		{4CDF58D6-A7F5-4922-9D35-AEE10DBFCAE7}.Release|x86.Build.0 = Release|Win32
		{24C4A233-C9F8-486F-AFEA-184452933547}.Debug|x64.ActiveCfg = Debug|x64
		{24C4A233-C9F8-486F-AFEA-184452933547}.Debug|x64.Build.0 = Debug|x64
		{24C4A233-C9F8-486F-AFEA-184452933547}.Debug|x86.ActiveCfg = Debug|Win32
		{24C4A233-C9F8-486F-AFEA-184452933547}.Debug|x86.Build.0 = Debug|Win32
		{24C4A233-C9F8-486F-AFEA-184452933547}.Release|x64.ActiveCfg = Release|x64
		{24C4A233-C9F8-486F-AFEA-184452933547}.Release|x64.Build.0 = Release|x64
		{24C4A233-C9F8-486F-AFEA-184452933547}.Release|x86.ActiveCfg = Release|Win32
		{24C4A233-C9F8-486F-AFEA-184452933547}.Release|x86.Build.0 = Release|Win32
		{8848BED9-4090-4126-9430-4AE8C024EFEA}.Debug|x64.ActiveCfg = Debug|x64
		{8848BED9-4090-4126-9430-4AE8C024EFEA}.Debug|x64.Build.0 = Debug|x64
		{8848BED9-4090-4126-9430-4AE8C024EFEA}.Debug|x86.ActiveCfg = Debug|Win32
		{8848BED9-4090-4126-9430-4AE8C024EFEA}.Debug|x86.Build.0 = Debug|Win32
		{8848BED9-4090-4126-9430-4AE8C024EFEA}.Release|x64.ActiveCfg = Release|x64
		{8848BED9-4090-4126-9430-4AE8C024EFEA}.Release|x64.Build.0 = Release|x64
		{8848BED9-4090-4126-9430-4AE8C024EFEA}.Release|x86.ActiveCfg = Release|Win32
		{8848BED9-4090-4126-9430-4AE8C024EFEA}.Release|x86.Build.0 = Release|Win32
	EndGlobalSection
	GlobalSection(SolutionProperties) = preSolution
		HideSolutionNode = FALSE
	EndGlobalSection
	GlobalSection(ExtensibilityGlobals) = postSolution
		SolutionGuid = {55B63084-B88A-42BF-864A-66813292E403}
	EndGlobalSection
EndGlobal
